
Microsoft Visual Studio Solution File, Format Version 12.00
# Visual Studio Version 17
VisualStudioVersion = 17.7.34202.233
MinimumVisualStudioVersion = 10.0.40219.1
Project("{9A19103F-16F7-4668-BE54-9A1E7A4F7556}") = "PenggunaSampah", "PenggunaSampah.csproj", "{544B48FB-B3F9-49C5-8590-0487589C4674}"
EndProject
Global
	GlobalSection(SolutionConfigurationPlatforms) = preSolution
		Debug|Any CPU = Debug|Any CPU
		Release|Any CPU = Release|Any CPU
	EndGlobalSection
	GlobalSection(ProjectConfigurationPlatforms) = postSolution
		{544B48FB-B3F9-49C5-8590-0487589C4674}.Debug|Any CPU.ActiveCfg = Debug|Any CPU
		{544B48FB-B3F9-49C5-8590-0487589C4674}.Debug|Any CPU.Build.0 = Debug|Any CPU
		{544B48FB-B3F9-49C5-8590-0487589C4674}.Release|Any CPU.ActiveCfg = Release|Any CPU
		{544B48FB-B3F9-49C5-8590-0487589C4674}.Release|Any CPU.Build.0 = Release|Any CPU
	EndGlobalSection
	GlobalSection(SolutionProperties) = preSolution
		HideSolutionNode = FALSE
	EndGlobalSection
	GlobalSection(ExtensibilityGlobals) = postSolution
		SolutionGuid = {3417BC55-6686-4934-B1A9-7604EF04A134}
	EndGlobalSection
EndGlobal
